
Microsoft Visual Studio Solution File, Format Version 12.00
# Visual Studio Version 17
VisualStudioVersion = 17.10.35201.131
MinimumVisualStudioVersion = 10.0.40219.1
Project("{FAE04EC0-301F-11D3-BF4B-00C04F79EFBC}") = "KiotaDemo", "KiotaDemo\KiotaDemo.csproj", "{1696295F-15BB-425D-AA6F-DA1A586731A6}"
EndProject
Global
	GlobalSection(SolutionConfigurationPlatforms) = preSolution
		Debug|Any CPU = Debug|Any CPU
		Release|Any CPU = Release|Any CPU
	EndGlobalSection
	GlobalSection(ProjectConfigurationPlatforms) = postSolution
		{1696295F-15BB-425D-AA6F-DA1A586731A6}.Debug|Any CPU.ActiveCfg = Debug|Any CPU
		{1696295F-15BB-425D-AA6F-DA1A586731A6}.Debug|Any CPU.Build.0 = Debug|Any CPU
		{1696295F-15BB-425D-AA6F-DA1A586731A6}.Release|Any CPU.ActiveCfg = Release|Any CPU
		{1696295F-15BB-425D-AA6F-DA1A586731A6}.Release|Any CPU.Build.0 = Release|Any CPU
	EndGlobalSection
	GlobalSection(SolutionProperties) = preSolution
		HideSolutionNode = FALSE
	EndGlobalSection
	GlobalSection(ExtensibilityGlobals) = postSolution
		SolutionGuid = {290577C9-4A98-4A17-93F3-EA10C16004AB}
	EndGlobalSection
EndGlobal
